# THIS IS AN AUTOGENERATED FILE. DO NOT EDIT THIS FILE DIRECTLY.
# yarn lockfile v1


"@fortawesome/fontawesome-common-types@^0.2.35":
  version "0.2.35"
  resolved "https://registry.yarnpkg.com/@fortawesome/fontawesome-common-types/-/fontawesome-common-types-0.2.35.tgz#01dd3d054da07a00b764d78748df20daf2b317e9"
  integrity sha512-IHUfxSEDS9dDGqYwIW7wTN6tn/O8E0n5PcAHz9cAaBoZw6UpG20IG/YM3NNLaGPwPqgjBAFjIURzqoQs3rrtuw==

"@fortawesome/fontawesome-free@^5.15.3":
  version "5.15.3"
  resolved "https://registry.yarnpkg.com/@fortawesome/fontawesome-free/-/fontawesome-free-5.15.3.tgz#c36ffa64a2a239bf948541a97b6ae8d729e09a9a"
  integrity sha512-rFnSUN/QOtnOAgqFRooTA3H57JLDm0QEG/jPdk+tLQNL/eWd+Aok8g3qCI+Q1xuDPWpGW/i9JySpJVsq8Q0s9w==

"@fortawesome/fontawesome-svg-core@^1.2.35":
  version "1.2.35"
  resolved "https://registry.yarnpkg.com/@fortawesome/fontawesome-svg-core/-/fontawesome-svg-core-1.2.35.tgz#85aea8c25645fcec88d35f2eb1045c38d3e65cff"
  integrity sha512-uLEXifXIL7hnh2sNZQrIJWNol7cTVIzwI+4qcBIq9QWaZqUblm0IDrtSqbNg+3SQf8SMGHkiSigD++rHmCHjBg==
  dependencies:
    "@fortawesome/fontawesome-common-types" "^0.2.35"

vue@^2.6.12:
  version "2.6.12"
  resolved "https://registry.yarnpkg.com/vue/-/vue-2.6.12.tgz#f5ebd4fa6bd2869403e29a896aed4904456c9123"
  integrity sha512-uhmLFETqPPNyuLLbsKz6ioJ4q7AZHzD8ZVFNATNyICSZouqP2Sz0rotWQC8UNBF6VGSCs5abnKJoStA6JbCbfg==
